
Microsoft Visual Studio Solution File, Format Version 12.00
# Visual Studio Version 17
VisualStudioVersion = 17.10.35013.160
MinimumVisualStudioVersion = 10.0.40219.1
Project("{2150E333-8FDC-42A3-9474-1A3956D46DE8}") = "FrontEnd", "FrontEnd", "{737E7EB2-5BD1-4439-AD1F-8BF79EFF6848}"
EndProject
Project("{2150E333-8FDC-42A3-9474-1A3956D46DE8}") = "Services", "Services", "{935363A4-BB75-45D4-AC47-28FD8F46C260}"
EndProject
Project("{FAE04EC0-301F-11D3-BF4B-00C04F79EFBC}") = "GeekShopping.Web", "GeekShopping.Web\GeekShopping.Web.csproj", "{CC8E223C-FB8C-41C8-A832-BABF43604AB3}"
EndProject
Global
	GlobalSection(SolutionConfigurationPlatforms) = preSolution
		Debug|Any CPU = Debug|Any CPU
		Release|Any CPU = Release|Any CPU
	EndGlobalSection
	GlobalSection(ProjectConfigurationPlatforms) = postSolution
		{CC8E223C-FB8C-41C8-A832-BABF43604AB3}.Debug|Any CPU.ActiveCfg = Debug|Any CPU
		{CC8E223C-FB8C-41C8-A832-BABF43604AB3}.Debug|Any CPU.Build.0 = Debug|Any CPU
		{CC8E223C-FB8C-41C8-A832-BABF43604AB3}.Release|Any CPU.ActiveCfg = Release|Any CPU
		{CC8E223C-FB8C-41C8-A832-BABF43604AB3}.Release|Any CPU.Build.0 = Release|Any CPU
	EndGlobalSection
	GlobalSection(SolutionProperties) = preSolution
		HideSolutionNode = FALSE
	EndGlobalSection
	GlobalSection(NestedProjects) = preSolution
		{CC8E223C-FB8C-41C8-A832-BABF43604AB3} = {737E7EB2-5BD1-4439-AD1F-8BF79EFF6848}
	EndGlobalSection
	GlobalSection(ExtensibilityGlobals) = postSolution
		SolutionGuid = {57EC0B29-3C83-41A2-9419-319BB6A1A983}
	EndGlobalSection
EndGlobal
